# This file is generated by running "yarn install" inside your project.
# Manual changes might be lost - proceed with caution!

__metadata:
  version: 4
  cacheKey: 7

"@types/lodash@npm:^4.14.168":
  version: 4.14.168
  resolution: "@types/lodash@npm:4.14.168"
  checksum: 9a4e25f89fc035b9f0388f1f7be85e5eff49f9e6db0d93432c9a89fce0916f8a89db4e8290415f7ea02de6b00d3573826378dcb655b7b2d20530a6e8d6dd6fd0
  languageName: node
  linkType: hard

"@types/node@npm:^14.14.37":
  version: 14.14.37
  resolution: "@types/node@npm:14.14.37"
  checksum: 5e2d9baf7594ebacaf016716515f30de0765169412787f981481c2fb8b468923149bb9e2e3219ee672399811672ceddc339a7372a61cf15bc656836a5494d991
  languageName: node
  linkType: hard

"bag_of_crafting@workspace:.":
  version: 0.0.0-use.local
  resolution: "bag_of_crafting@workspace:."
  dependencies:
    "@types/lodash": ^4.14.168
    "@types/node": ^14.14.37
    fast-xml-parser: ^3.19.0
    lodash: ^4.17.21
    typescript: ^4.2.4
  languageName: unknown
  linkType: soft

"fast-xml-parser@npm:^3.19.0":
  version: 3.19.0
  resolution: "fast-xml-parser@npm:3.19.0"
  bin:
    xml2js: cli.js
  checksum: bac00722d00f7f8782ab507281bff3c5cff2b37e2e1e26891a11ac2ac3f0c40e91f545492923d6dc8a57bdf9cfba99518c02ddff380f4ff1e81083d25055e43e
  languageName: node
  linkType: hard

"lodash@npm:^4.17.21":
  version: 4.17.21
  resolution: "lodash@npm:4.17.21"
  checksum: 4983720b9abca930a4a46f18db163d7dad8dd00dbed6db0cc7b499b33b717cce69f80928b27bbb1ff2cbd3b19d251ee90669a8b5ea466072ca81c2ebe91e7468
  languageName: node
  linkType: hard

typescript@^4.2.4:
  version: 4.2.4
  resolution: "typescript@npm:4.2.4"
  bin:
    tsc: bin/tsc
    tsserver: bin/tsserver
  checksum: edaede2fa77f56b7fba80ee624a2368ab1216e75b0434d968ccb47ab0a5e2f6d94f848b3b111c1237dd71e988cd376af26370dcdad3b94355c76e759f0dd0a1e
  languageName: node
  linkType: hard

"typescript@patch:typescript@^4.2.4#builtin<compat/typescript>":
  version: 4.2.4
  resolution: "typescript@patch:typescript@npm%3A4.2.4#builtin<compat/typescript>::version=4.2.4&hash=a45b0e"
  bin:
    tsc: bin/tsc
    tsserver: bin/tsserver
  checksum: 3be44317593182e8ce494c114e7ad9b0bb2553a22f3085cc6da4f0a36912c20850daa9be4c898af2ab6fc8b12f430c1c9e46ac715721867cd38643f2350d3ef9
  languageName: node
  linkType: hard
